
Microsoft Visual Studio Solution File, Format Version 12.00
# Visual Studio Version 17
VisualStudioVersion = 17.9.34714.143
MinimumVisualStudioVersion = 10.0.40219.1
Project("{FAE04EC0-301F-11D3-BF4B-00C04F79EFBC}") = "imageSlideShow", "imageSlideShow\imageSlideShow.csproj", "{B67CDE10-1648-4EF5-A95C-2C9AE4AF2D95}"
EndProject
Global
	GlobalSection(SolutionConfigurationPlatforms) = preSolution
		Debug|Any CPU = Debug|Any CPU
		Release|Any CPU = Release|Any CPU
	EndGlobalSection
	GlobalSection(ProjectConfigurationPlatforms) = postSolution
		{B67CDE10-1648-4EF5-A95C-2C9AE4AF2D95}.Debug|Any CPU.ActiveCfg = Debug|Any CPU
		{B67CDE10-1648-4EF5-A95C-2C9AE4AF2D95}.Debug|Any CPU.Build.0 = Debug|Any CPU
		{B67CDE10-1648-4EF5-A95C-2C9AE4AF2D95}.Release|Any CPU.ActiveCfg = Release|Any CPU
		{B67CDE10-1648-4EF5-A95C-2C9AE4AF2D95}.Release|Any CPU.Build.0 = Release|Any CPU
	EndGlobalSection
	GlobalSection(SolutionProperties) = preSolution
		HideSolutionNode = FALSE
	EndGlobalSection
	GlobalSection(ExtensibilityGlobals) = postSolution
		SolutionGuid = {DB078A48-3BB4-430E-A451-6A8007037495}
	EndGlobalSection
EndGlobal
